
Microsoft Visual Studio Solution File, Format Version 12.00
# Visual Studio 14
VisualStudioVersion = 14.0.24720.0
MinimumVisualStudioVersion = 10.0.40219.1
Project("{FAE04EC0-301F-11D3-BF4B-00C04F79EFBC}") = "QA.TestLibs", "QA.TestLibs\QA.TestLibs.csproj", "{59268CC8-5D39-4331-909D-CFC1BBC67F0C}"
EndProject
Project("{FAE04EC0-301F-11D3-BF4B-00C04F79EFBC}") = "QA.TestLibs.WebDriver", "QA.TestLibs.WebDriver\QA.TestLibs.WebDriver.csproj", "{AC86DB53-5495-45B0-BEFD-70C77CC54136}"
EndProject
Project("{FAE04EC0-301F-11D3-BF4B-00C04F79EFBC}") = "QA.TestLibsTests", "QA.TestLibsTests\QA.TestLibsTests.csproj", "{456F6BCB-3FB9-4674-BD48-86E2254A8B85}"
EndProject
Project("{FAE04EC0-301F-11D3-BF4B-00C04F79EFBC}") = "TConsole", "TConsole\TConsole.csproj", "{9DC87798-912F-4C7F-994C-2FD71AB3BC8F}"
EndProject
Project("{FAE04EC0-301F-11D3-BF4B-00C04F79EFBC}") = "QA.TestLibs.Framework", "QA.TestLibs.Framework\QA.TestLibs.Framework.csproj", "{5F6E4EE4-3166-4F25-AB38-68DA974F6D4F}"
EndProject
Project("{FAE04EC0-301F-11D3-BF4B-00C04F79EFBC}") = "QA.TestLibs.Wpf.XmlTypeControl", "QA.TestLibs.Wpf.XmlTypeControl\QA.TestLibs.Wpf.XmlTypeControl.csproj", "{620C1FD8-49E5-48B2-9586-C392EE9EC207}"
EndProject
Project("{FAE04EC0-301F-11D3-BF4B-00C04F79EFBC}") = "TestWpfApp", "TestWpfApp\TestWpfApp.csproj", "{CA27015C-45F6-4E9A-B224-9472E41FD550}"
EndProject
Global
	GlobalSection(SolutionConfigurationPlatforms) = preSolution
		Debug|Any CPU = Debug|Any CPU
		Release|Any CPU = Release|Any CPU
	EndGlobalSection
	GlobalSection(ProjectConfigurationPlatforms) = postSolution
		{59268CC8-5D39-4331-909D-CFC1BBC67F0C}.Debug|Any CPU.ActiveCfg = Debug|Any CPU
		{59268CC8-5D39-4331-909D-CFC1BBC67F0C}.Debug|Any CPU.Build.0 = Debug|Any CPU
		{59268CC8-5D39-4331-909D-CFC1BBC67F0C}.Release|Any CPU.ActiveCfg = Release|Any CPU
		{59268CC8-5D39-4331-909D-CFC1BBC67F0C}.Release|Any CPU.Build.0 = Release|Any CPU
		{AC86DB53-5495-45B0-BEFD-70C77CC54136}.Debug|Any CPU.ActiveCfg = Debug|Any CPU
		{AC86DB53-5495-45B0-BEFD-70C77CC54136}.Debug|Any CPU.Build.0 = Debug|Any CPU
		{AC86DB53-5495-45B0-BEFD-70C77CC54136}.Release|Any CPU.ActiveCfg = Release|Any CPU
		{AC86DB53-5495-45B0-BEFD-70C77CC54136}.Release|Any CPU.Build.0 = Release|Any CPU
		{456F6BCB-3FB9-4674-BD48-86E2254A8B85}.Debug|Any CPU.ActiveCfg = Debug|Any CPU
		{456F6BCB-3FB9-4674-BD48-86E2254A8B85}.Debug|Any CPU.Build.0 = Debug|Any CPU
		{456F6BCB-3FB9-4674-BD48-86E2254A8B85}.Release|Any CPU.ActiveCfg = Release|Any CPU
		{456F6BCB-3FB9-4674-BD48-86E2254A8B85}.Release|Any CPU.Build.0 = Release|Any CPU
		{9DC87798-912F-4C7F-994C-2FD71AB3BC8F}.Debug|Any CPU.ActiveCfg = Debug|Any CPU
		{9DC87798-912F-4C7F-994C-2FD71AB3BC8F}.Debug|Any CPU.Build.0 = Debug|Any CPU
		{9DC87798-912F-4C7F-994C-2FD71AB3BC8F}.Release|Any CPU.ActiveCfg = Release|Any CPU
		{9DC87798-912F-4C7F-994C-2FD71AB3BC8F}.Release|Any CPU.Build.0 = Release|Any CPU
		{5F6E4EE4-3166-4F25-AB38-68DA974F6D4F}.Debug|Any CPU.ActiveCfg = Debug|Any CPU
		{5F6E4EE4-3166-4F25-AB38-68DA974F6D4F}.Debug|Any CPU.Build.0 = Debug|Any CPU
		{5F6E4EE4-3166-4F25-AB38-68DA974F6D4F}.Release|Any CPU.ActiveCfg = Release|Any CPU
		{5F6E4EE4-3166-4F25-AB38-68DA974F6D4F}.Release|Any CPU.Build.0 = Release|Any CPU
		{620C1FD8-49E5-48B2-9586-C392EE9EC207}.Debug|Any CPU.ActiveCfg = Debug|Any CPU
		{620C1FD8-49E5-48B2-9586-C392EE9EC207}.Debug|Any CPU.Build.0 = Debug|Any CPU
		{620C1FD8-49E5-48B2-9586-C392EE9EC207}.Release|Any CPU.ActiveCfg = Release|Any CPU
		{620C1FD8-49E5-48B2-9586-C392EE9EC207}.Release|Any CPU.Build.0 = Release|Any CPU
		{CA27015C-45F6-4E9A-B224-9472E41FD550}.Debug|Any CPU.ActiveCfg = Debug|Any CPU
		{CA27015C-45F6-4E9A-B224-9472E41FD550}.Debug|Any CPU.Build.0 = Debug|Any CPU
		{CA27015C-45F6-4E9A-B224-9472E41FD550}.Release|Any CPU.ActiveCfg = Release|Any CPU
		{CA27015C-45F6-4E9A-B224-9472E41FD550}.Release|Any CPU.Build.0 = Release|Any CPU
	EndGlobalSection
	GlobalSection(SolutionProperties) = preSolution
		HideSolutionNode = FALSE
	EndGlobalSection
EndGlobal
